
Microsoft Visual Studio Solution File, Format Version 12.00
# Visual Studio 15
VisualStudioVersion = 15.0.27130.2027
MinimumVisualStudioVersion = 10.0.40219.1
Project("{F2A71F9B-5D33-465A-A702-920D77279786}") = "Muraba", "Muraba\Muraba.fsproj", "{21CBED42-F225-4878-A980-E798F906EE8C}"
EndProject
Global
	GlobalSection(SolutionConfigurationPlatforms) = preSolution
		Debug|Any CPU = Debug|Any CPU
		Release|Any CPU = Release|Any CPU
	EndGlobalSection
	GlobalSection(ProjectConfigurationPlatforms) = postSolution
		{21CBED42-F225-4878-A980-E798F906EE8C}.Debug|Any CPU.ActiveCfg = Debug|Any CPU
		{21CBED42-F225-4878-A980-E798F906EE8C}.Debug|Any CPU.Build.0 = Debug|Any CPU
		{21CBED42-F225-4878-A980-E798F906EE8C}.Release|Any CPU.ActiveCfg = Release|Any CPU
		{21CBED42-F225-4878-A980-E798F906EE8C}.Release|Any CPU.Build.0 = Release|Any CPU
	EndGlobalSection
	GlobalSection(SolutionProperties) = preSolution
		HideSolutionNode = FALSE
	EndGlobalSection
	GlobalSection(ExtensibilityGlobals) = postSolution
		SolutionGuid = {FF12B935-E209-476B-82E0-8234FCF8C9F3}
	EndGlobalSection
EndGlobal
